
Microsoft Visual Studio Solution File, Format Version 12.00
# Visual Studio Version 16
VisualStudioVersion = 16.0.30011.22
MinimumVisualStudioVersion = 10.0.40219.1
Project("{9A19103F-16F7-4668-BE54-9A1E7A4F7556}") = "DataProjectCsharp", "DataProjectCsharp\DataProjectCsharp.csproj", "{6749CB7E-F811-4BC4-89DA-0C78AA576292}"
EndProject
Project("{FAE04EC0-301F-11D3-BF4B-00C04F79EFBC}") = "DataProjectCsharp.Tests", "DataProjectCsharp.Tests\DataProjectCsharp.Tests.csproj", "{42C11E3C-F846-4FD4-A026-07EBAE5B00F8}"
EndProject
Global
	GlobalSection(SolutionConfigurationPlatforms) = preSolution
		Debug|Any CPU = Debug|Any CPU
		Release|Any CPU = Release|Any CPU
	EndGlobalSection
	GlobalSection(ProjectConfigurationPlatforms) = postSolution
		{6749CB7E-F811-4BC4-89DA-0C78AA576292}.Debug|Any CPU.ActiveCfg = Debug|Any CPU
		{6749CB7E-F811-4BC4-89DA-0C78AA576292}.Debug|Any CPU.Build.0 = Debug|Any CPU
		{6749CB7E-F811-4BC4-89DA-0C78AA576292}.Release|Any CPU.ActiveCfg = Release|Any CPU
		{6749CB7E-F811-4BC4-89DA-0C78AA576292}.Release|Any CPU.Build.0 = Release|Any CPU
		{42C11E3C-F846-4FD4-A026-07EBAE5B00F8}.Debug|Any CPU.ActiveCfg = Debug|Any CPU
		{42C11E3C-F846-4FD4-A026-07EBAE5B00F8}.Debug|Any CPU.Build.0 = Debug|Any CPU
		{42C11E3C-F846-4FD4-A026-07EBAE5B00F8}.Release|Any CPU.ActiveCfg = Release|Any CPU
		{42C11E3C-F846-4FD4-A026-07EBAE5B00F8}.Release|Any CPU.Build.0 = Release|Any CPU
	EndGlobalSection
	GlobalSection(SolutionProperties) = preSolution
		HideSolutionNode = FALSE
	EndGlobalSection
	GlobalSection(ExtensibilityGlobals) = postSolution
		SolutionGuid = {A3BA8DB3-B3A5-4D80-8357-01E6EEFC6BB2}
	EndGlobalSection
EndGlobal
